
Microsoft Visual Studio Solution File, Format Version 12.00
# Visual Studio Version 17
VisualStudioVersion = 17.8.34511.84
MinimumVisualStudioVersion = 10.0.40219.1
Project("{FAE04EC0-301F-11D3-BF4B-00C04F79EFBC}") = "HelloWPFApplication", "HelloWPFApplication.csproj", "{51393ED5-8D19-4BAB-BA7A-F0CF20EC6788}"
EndProject
Global
	GlobalSection(SolutionConfigurationPlatforms) = preSolution
		Debug|Any CPU = Debug|Any CPU
		Release|Any CPU = Release|Any CPU
	EndGlobalSection
	GlobalSection(ProjectConfigurationPlatforms) = postSolution
		{51393ED5-8D19-4BAB-BA7A-F0CF20EC6788}.Debug|Any CPU.ActiveCfg = Debug|Any CPU
		{51393ED5-8D19-4BAB-BA7A-F0CF20EC6788}.Debug|Any CPU.Build.0 = Debug|Any CPU
		{51393ED5-8D19-4BAB-BA7A-F0CF20EC6788}.Release|Any CPU.ActiveCfg = Release|Any CPU
		{51393ED5-8D19-4BAB-BA7A-F0CF20EC6788}.Release|Any CPU.Build.0 = Release|Any CPU
	EndGlobalSection
	GlobalSection(SolutionProperties) = preSolution
		HideSolutionNode = FALSE
	EndGlobalSection
	GlobalSection(ExtensibilityGlobals) = postSolution
		SolutionGuid = {A9F539C4-913A-4303-97D3-7DC57591E1B4}
	EndGlobalSection
EndGlobal
