
Microsoft Visual Studio Solution File, Format Version 12.00
# Visual Studio Version 17
VisualStudioVersion = 17.8.34511.84
MinimumVisualStudioVersion = 10.0.40219.1
Project("{FAE04EC0-301F-11D3-BF4B-00C04F79EFBC}") = "DataBindingAndCommands", "DataBindingAndCommands.csproj", "{34A0695D-0FFF-4BA7-BDA9-24EFB950A01B}"
EndProject
Global
	GlobalSection(SolutionConfigurationPlatforms) = preSolution
		Debug|Any CPU = Debug|Any CPU
		Release|Any CPU = Release|Any CPU
	EndGlobalSection
	GlobalSection(ProjectConfigurationPlatforms) = postSolution
		{34A0695D-0FFF-4BA7-BDA9-24EFB950A01B}.Debug|Any CPU.ActiveCfg = Debug|Any CPU
		{34A0695D-0FFF-4BA7-BDA9-24EFB950A01B}.Debug|Any CPU.Build.0 = Debug|Any CPU
		{34A0695D-0FFF-4BA7-BDA9-24EFB950A01B}.Release|Any CPU.ActiveCfg = Release|Any CPU
		{34A0695D-0FFF-4BA7-BDA9-24EFB950A01B}.Release|Any CPU.Build.0 = Release|Any CPU
	EndGlobalSection
	GlobalSection(SolutionProperties) = preSolution
		HideSolutionNode = FALSE
	EndGlobalSection
	GlobalSection(ExtensibilityGlobals) = postSolution
		SolutionGuid = {671A973B-F7B6-4EE5-979D-8EB44C3BCD8F}
	EndGlobalSection
EndGlobal
